// !$*UTF8*$!
{
	archiveVersion = 1;
	classes = {
	};
	objectVersion = 46;
	objects = {

/* Begin PBXBuildFile section */
		8A47D69F1B6F4CD5004CA762 /* SRTextInputSourceManager.h in Headers */ = {isa = PBXBuildFile; fileRef = 8A47D69E1B6F4CD5004CA762 /* SRTextInputSourceManager.h */; settings = {ATTRIBUTES = (Public, ); }; };
		8A47D6AB1B6F4D68004CA762 /* SRTextInputSourceImpl.h in Headers */ = {isa = PBXBuildFile; fileRef = 8A47D6A71B6F4D68004CA762 /* SRTextInputSourceImpl.h */; settings = {ATTRIBUTES = (Private, ); }; };
		8A47D6AC1B6F4D68004CA762 /* SRTextInputSourceImpl.m in Sources */ = {isa = PBXBuildFile; fileRef = 8A47D6A81B6F4D68004CA762 /* SRTextInputSourceImpl.m */; };
		8A47D6AD1B6F4D68004CA762 /* SRTextInputSourceManagerImpl.h in Headers */ = {isa = PBXBuildFile; fileRef = 8A47D6A91B6F4D68004CA762 /* SRTextInputSourceManagerImpl.h */; settings = {ATTRIBUTES = (Private, ); }; };
		8A47D6AE1B6F4D68004CA762 /* SRTextInputSourceManagerImpl.m in Sources */ = {isa = PBXBuildFile; fileRef = 8A47D6AA1B6F4D68004CA762 /* SRTextInputSourceManagerImpl.m */; };
		8A47D6B01B6F4F8A004CA762 /* SRTextInputSourceManager.swift in Sources */ = {isa = PBXBuildFile; fileRef = 8A47D6AF1B6F4F8A004CA762 /* SRTextInputSourceManager.swift */; };
/* End PBXBuildFile section */

/* Begin PBXFileReference section */
		8A47D69B1B6F4CD5004CA762 /* SRTextInputSourceManager.framework */ = {isa = PBXFileReference; explicitFileType = wrapper.framework; includeInIndex = 0; path = SRTextInputSourceManager.framework; sourceTree = BUILT_PRODUCTS_DIR; };
		8A47D69E1B6F4CD5004CA762 /* SRTextInputSourceManager.h */ = {isa = PBXFileReference; lastKnownFileType = sourcecode.c.h; path = SRTextInputSourceManager.h; sourceTree = "<group>"; };
		8A47D6A01B6F4CD5004CA762 /* Info.plist */ = {isa = PBXFileReference; lastKnownFileType = text.plist.xml; path = Info.plist; sourceTree = "<group>"; };
		8A47D6A71B6F4D68004CA762 /* SRTextInputSourceImpl.h */ = {isa = PBXFileReference; fileEncoding = 4; lastKnownFileType = sourcecode.c.h; name = SRTextInputSourceImpl.h; path = Sources/SRTextInputSourceImpl.h; sourceTree = "<group>"; };
		8A47D6A81B6F4D68004CA762 /* SRTextInputSourceImpl.m */ = {isa = PBXFileReference; fileEncoding = 4; lastKnownFileType = sourcecode.c.objc; name = SRTextInputSourceImpl.m; path = Sources/SRTextInputSourceImpl.m; sourceTree = "<group>"; };
		8A47D6A91B6F4D68004CA762 /* SRTextInputSourceManagerImpl.h */ = {isa = PBXFileReference; fileEncoding = 4; lastKnownFileType = sourcecode.c.h; name = SRTextInputSourceManagerImpl.h; path = Sources/SRTextInputSourceManagerImpl.h; sourceTree = "<group>"; };
		8A47D6AA1B6F4D68004CA762 /* SRTextInputSourceManagerImpl.m */ = {isa = PBXFileReference; fileEncoding = 4; lastKnownFileType = sourcecode.c.objc; name = SRTextInputSourceManagerImpl.m; path = Sources/SRTextInputSourceManagerImpl.m; sourceTree = "<group>"; };
		8A47D6AF1B6F4F8A004CA762 /* SRTextInputSourceManager.swift */ = {isa = PBXFileReference; fileEncoding = 4; lastKnownFileType = sourcecode.swift; name = SRTextInputSourceManager.swift; path = Sources/SRTextInputSourceManager.swift; sourceTree = "<group>"; };
		8A47D72E1B7329F2004CA762 /* module.modulemap */ = {isa = PBXFileReference; fileEncoding = 4; lastKnownFileType = "sourcecode.module-map"; path = module.modulemap; sourceTree = "<group>"; };
/* End PBXFileReference section */

/* Begin PBXFrameworksBuildPhase section */
		8A47D6971B6F4CD5004CA762 /* Frameworks */ = {
			isa = PBXFrameworksBuildPhase;
			buildActionMask = 2147483647;
			files = (
			);
			runOnlyForDeploymentPostprocessing = 0;
		};
/* End PBXFrameworksBuildPhase section */

/* Begin PBXGroup section */
		8A47D6911B6F4CD5004CA762 = {
			isa = PBXGroup;
			children = (
				8A47D69D1B6F4CD5004CA762 /* SRTextInputSourceManager */,
				8A47D69C1B6F4CD5004CA762 /* Products */,
			);
			sourceTree = "<group>";
		};
		8A47D69C1B6F4CD5004CA762 /* Products */ = {
			isa = PBXGroup;
			children = (
				8A47D69B1B6F4CD5004CA762 /* SRTextInputSourceManager.framework */,
			);
			name = Products;
			sourceTree = "<group>";
		};
		8A47D69D1B6F4CD5004CA762 /* SRTextInputSourceManager */ = {
			isa = PBXGroup;
			children = (
				8A47D6A61B6F4CDB004CA762 /* Sources */,
				8A47D69E1B6F4CD5004CA762 /* SRTextInputSourceManager.h */,
				8A47D6A01B6F4CD5004CA762 /* Info.plist */,
			);
			path = SRTextInputSourceManager;
			sourceTree = "<group>";
		};
		8A47D6A61B6F4CDB004CA762 /* Sources */ = {
			isa = PBXGroup;
			children = (
				8A47D72D1B7329F2004CA762 /* SRTISManagerPrivates */,
				8A47D6AF1B6F4F8A004CA762 /* SRTextInputSourceManager.swift */,
				8A47D6A71B6F4D68004CA762 /* SRTextInputSourceImpl.h */,
				8A47D6A81B6F4D68004CA762 /* SRTextInputSourceImpl.m */,
				8A47D6A91B6F4D68004CA762 /* SRTextInputSourceManagerImpl.h */,
				8A47D6AA1B6F4D68004CA762 /* SRTextInputSourceManagerImpl.m */,
			);
			name = Sources;
			sourceTree = "<group>";
		};
		8A47D72D1B7329F2004CA762 /* SRTISManagerPrivates */ = {
			isa = PBXGroup;
			children = (
				8A47D72E1B7329F2004CA762 /* module.modulemap */,
			);
			name = SRTISManagerPrivates;
			path = Sources/SRTISManagerPrivates;
			sourceTree = "<group>";
		};
/* End PBXGroup section */

/* Begin PBXHeadersBuildPhase section */
		8A47D6981B6F4CD5004CA762 /* Headers */ = {
			isa = PBXHeadersBuildPhase;
			buildActionMask = 2147483647;
			files = (
				8A47D69F1B6F4CD5004CA762 /* SRTextInputSourceManager.h in Headers */,
				8A47D6AB1B6F4D68004CA762 /* SRTextInputSourceImpl.h in Headers */,
				8A47D6AD1B6F4D68004CA762 /* SRTextInputSourceManagerImpl.h in Headers */,
			);
			runOnlyForDeploymentPostprocessing = 0;
		};
/* End PBXHeadersBuildPhase section */

/* Begin PBXNativeTarget section */
		8A47D69A1B6F4CD5004CA762 /* SRTextInputSourceManager */ = {
			isa = PBXNativeTarget;
			buildConfigurationList = 8A47D6A31B6F4CD5004CA762 /* Build configuration list for PBXNativeTarget "SRTextInputSourceManager" */;
			buildPhases = (
				8A47D6961B6F4CD5004CA762 /* Sources */,
				8A47D6971B6F4CD5004CA762 /* Frameworks */,
				8A47D6981B6F4CD5004CA762 /* Headers */,
				8A47D6991B6F4CD5004CA762 /* Resources */,
			);
			buildRules = (
			);
			dependencies = (
			);
			name = SRTextInputSourceManager;
			productName = SRTextInputSourceManager;
			productReference = 8A47D69B1B6F4CD5004CA762 /* SRTextInputSourceManager.framework */;
			productType = "com.apple.product-type.framework";
		};
/* End PBXNativeTarget section */

/* Begin PBXProject section */
		8A47D6921B6F4CD5004CA762 /* Project object */ = {
			isa = PBXProject;
			attributes = {
				LastSwiftUpdateCheck = 0700;
				LastUpgradeCheck = 0700;
				ORGANIZATIONNAME = Seorenn;
				TargetAttributes = {
					8A47D69A1B6F4CD5004CA762 = {
						CreatedOnToolsVersion = 7.0;
					};
				};
			};
			buildConfigurationList = 8A47D6951B6F4CD5004CA762 /* Build configuration list for PBXProject "SRTextInputSourceManager" */;
			compatibilityVersion = "Xcode 3.2";
			developmentRegion = English;
			hasScannedForEncodings = 0;
			knownRegions = (
				en,
			);
			mainGroup = 8A47D6911B6F4CD5004CA762;
			productRefGroup = 8A47D69C1B6F4CD5004CA762 /* Products */;
			projectDirPath = "";
			projectRoot = "";
			targets = (
				8A47D69A1B6F4CD5004CA762 /* SRTextInputSourceManager */,
			);
		};
/* End PBXProject section */

/* Begin PBXResourcesBuildPhase section */
		8A47D6991B6F4CD5004CA762 /* Resources */ = {
			isa = PBXResourcesBuildPhase;
			buildActionMask = 2147483647;
			files = (
			);
			runOnlyForDeploymentPostprocessing = 0;
		};
/* End PBXResourcesBuildPhase section */

/* Begin PBXSourcesBuildPhase section */
		8A47D6961B6F4CD5004CA762 /* Sources */ = {
			isa = PBXSourcesBuildPhase;
			buildActionMask = 2147483647;
			files = (
				8A47D6B01B6F4F8A004CA762 /* SRTextInputSourceManager.swift in Sources */,
				8A47D6AE1B6F4D68004CA762 /* SRTextInputSourceManagerImpl.m in Sources */,
				8A47D6AC1B6F4D68004CA762 /* SRTextInputSourceImpl.m in Sources */,
			);
			runOnlyForDeploymentPostprocessing = 0;
		};
/* End PBXSourcesBuildPhase section */

/* Begin XCBuildConfiguration section */
		8A47D6A11B6F4CD5004CA762 /* Debug */ = {
			isa = XCBuildConfiguration;
			buildSettings = {
				ALWAYS_SEARCH_USER_PATHS = NO;
				CLANG_ALLOW_NON_MODULAR_INCLUDES_IN_FRAMEWORK_MODULES = YES;
				CLANG_CXX_LANGUAGE_STANDARD = "gnu++0x";
				CLANG_CXX_LIBRARY = "libc++";
				CLANG_ENABLE_MODULES = YES;
				CLANG_ENABLE_OBJC_ARC = YES;
				CLANG_WARN_BOOL_CONVERSION = YES;
				CLANG_WARN_CONSTANT_CONVERSION = YES;
				CLANG_WARN_DIRECT_OBJC_ISA_USAGE = YES_ERROR;
				CLANG_WARN_EMPTY_BODY = YES;
				CLANG_WARN_ENUM_CONVERSION = YES;
				CLANG_WARN_INT_CONVERSION = YES;
				CLANG_WARN_OBJC_ROOT_CLASS = YES_ERROR;
				CLANG_WARN_UNREACHABLE_CODE = YES;
				CLANG_WARN__DUPLICATE_METHOD_MATCH = YES;
				COPY_PHASE_STRIP = NO;
				CURRENT_PROJECT_VERSION = 1;
				DEBUG_INFORMATION_FORMAT = dwarf;
				DEFINES_MODULE = YES;
				ENABLE_STRICT_OBJC_MSGSEND = YES;
				ENABLE_TESTABILITY = YES;
				GCC_C_LANGUAGE_STANDARD = gnu99;
				GCC_DYNAMIC_NO_PIC = NO;
				GCC_NO_COMMON_BLOCKS = YES;
				GCC_OPTIMIZATION_LEVEL = 0;
				GCC_PREPROCESSOR_DEFINITIONS = (
					"DEBUG=1",
					"$(inherited)",
				);
				GCC_WARN_64_TO_32_BIT_CONVERSION = YES;
				GCC_WARN_ABOUT_RETURN_TYPE = YES_ERROR;
				GCC_WARN_UNDECLARED_SELECTOR = YES;
				GCC_WARN_UNINITIALIZED_AUTOS = YES_AGGRESSIVE;
				GCC_WARN_UNUSED_FUNCTION = YES;
				GCC_WARN_UNUSED_VARIABLE = YES;
				MACOSX_DEPLOYMENT_TARGET = 10.10;
				MTL_ENABLE_DEBUG_INFO = YES;
				ONLY_ACTIVE_ARCH = YES;
				SDKROOT = macosx;
				SUPPORTED_PLATFORMS = "macosx iphonesimulator iphoneos";
				SWIFT_INCLUDE_PATHS = "$(SRCROOT)/SRTextInputSourceManager/Sources";
				SWIFT_OPTIMIZATION_LEVEL = "-Onone";
				VALID_ARCHS = "i386 x86_64 armv7s armv7 arm64";
				VERSIONING_SYSTEM = "apple-generic";
				VERSION_INFO_PREFIX = "";
			};
			name = Debug;
		};
		8A47D6A21B6F4CD5004CA762 /* Release */ = {
			isa = XCBuildConfiguration;
			buildSettings = {
				ALWAYS_SEARCH_USER_PATHS = NO;
				CLANG_ALLOW_NON_MODULAR_INCLUDES_IN_FRAMEWORK_MODULES = YES;
				CLANG_CXX_LANGUAGE_STANDARD = "gnu++0x";
				CLANG_CXX_LIBRARY = "libc++";
				CLANG_ENABLE_MODULES = YES;
				CLANG_ENABLE_OBJC_ARC = YES;
				CLANG_WARN_BOOL_CONVERSION = YES;
				CLANG_WARN_CONSTANT_CONVERSION = YES;
				CLANG_WARN_DIRECT_OBJC_ISA_USAGE = YES_ERROR;
				CLANG_WARN_EMPTY_BODY = YES;
				CLANG_WARN_ENUM_CONVERSION = YES;
				CLANG_WARN_INT_CONVERSION = YES;
				CLANG_WARN_OBJC_ROOT_CLASS = YES_ERROR;
				CLANG_WARN_UNREACHABLE_CODE = YES;
				CLANG_WARN__DUPLICATE_METHOD_MATCH = YES;
				COPY_PHASE_STRIP = NO;
				CURRENT_PROJECT_VERSION = 1;
				DEBUG_INFORMATION_FORMAT = "dwarf-with-dsym";
				DEFINES_MODULE = YES;
				ENABLE_NS_ASSERTIONS = NO;
				ENABLE_STRICT_OBJC_MSGSEND = YES;
				GCC_C_LANGUAGE_STANDARD = gnu99;
				GCC_NO_COMMON_BLOCKS = YES;
				GCC_WARN_64_TO_32_BIT_CONVERSION = YES;
				GCC_WARN_ABOUT_RETURN_TYPE = YES_ERROR;
				GCC_WARN_UNDECLARED_SELECTOR = YES;
				GCC_WARN_UNINITIALIZED_AUTOS = YES_AGGRESSIVE;
				GCC_WARN_UNUSED_FUNCTION = YES;
				GCC_WARN_UNUSED_VARIABLE = YES;
				MACOSX_DEPLOYMENT_TARGET = 10.10;
				MTL_ENABLE_DEBUG_INFO = NO;
				SDKROOT = macosx;
				SUPPORTED_PLATFORMS = "macosx iphonesimulator iphoneos";
				SWIFT_INCLUDE_PATHS = "$(SRCROOT)/SRTextInputSourceManager/Sources";
				VALID_ARCHS = "i386 x86_64 armv7s armv7 arm64";
				VERSIONING_SYSTEM = "apple-generic";
				VERSION_INFO_PREFIX = "";
			};
			name = Release;
		};
		8A47D6A41B6F4CD5004CA762 /* Debug */ = {
			isa = XCBuildConfiguration;
			buildSettings = {
				CLANG_ENABLE_MODULES = YES;
				COMBINE_HIDPI_IMAGES = YES;
				DEFINES_MODULE = YES;
				DYLIB_COMPATIBILITY_VERSION = 1;
				DYLIB_CURRENT_VERSION = 1;
				DYLIB_INSTALL_NAME_BASE = "@rpath";
				FRAMEWORK_VERSION = A;
				INFOPLIST_FILE = SRTextInputSourceManager/Info.plist;
				INSTALL_PATH = "$(LOCAL_LIBRARY_DIR)/Frameworks";
				LD_RUNPATH_SEARCH_PATHS = "$(inherited) @executable_path/../Frameworks @loader_path/Frameworks";
				PRODUCT_BUNDLE_IDENTIFIER = com.seorenn.SRTextInputSourceManager;
				PRODUCT_NAME = "$(TARGET_NAME)";
				SKIP_INSTALL = YES;
				SWIFT_OPTIMIZATION_LEVEL = "-Onone";
			};
			name = Debug;
		};
		8A47D6A51B6F4CD5004CA762 /* Release */ = {
			isa = XCBuildConfiguration;
			buildSettings = {
				CLANG_ENABLE_MODULES = YES;
				COMBINE_HIDPI_IMAGES = YES;
				DEFINES_MODULE = YES;
				DYLIB_COMPATIBILITY_VERSION = 1;
				DYLIB_CURRENT_VERSION = 1;
				DYLIB_INSTALL_NAME_BASE = "@rpath";
				FRAMEWORK_VERSION = A;
				INFOPLIST_FILE = SRTextInputSourceManager/Info.plist;
				INSTALL_PATH = "$(LOCAL_LIBRARY_DIR)/Frameworks";
				LD_RUNPATH_SEARCH_PATHS = "$(inherited) @executable_path/../Frameworks @loader_path/Frameworks";
				PRODUCT_BUNDLE_IDENTIFIER = com.seorenn.SRTextInputSourceManager;
				PRODUCT_NAME = "$(TARGET_NAME)";
				SKIP_INSTALL = YES;
			};
			name = Release;
		};
/* End XCBuildConfiguration section */

/* Begin XCConfigurationList section */
		8A47D6951B6F4CD5004CA762 /* Build configuration list for PBXProject "SRTextInputSourceManager" */ = {
			isa = XCConfigurationList;
			buildConfigurations = (
				8A47D6A11B6F4CD5004CA762 /* Debug */,
				8A47D6A21B6F4CD5004CA762 /* Release */,
			);
			defaultConfigurationIsVisible = 0;
			defaultConfigurationName = Release;
		};
		8A47D6A31B6F4CD5004CA762 /* Build configuration list for PBXNativeTarget "SRTextInputSourceManager" */ = {
			isa = XCConfigurationList;
			buildConfigurations = (
				8A47D6A41B6F4CD5004CA762 /* Debug */,
				8A47D6A51B6F4CD5004CA762 /* Release */,
			);
			defaultConfigurationIsVisible = 0;
			defaultConfigurationName = Release;
		};
/* End XCConfigurationList section */
	};
	rootObject = 8A47D6921B6F4CD5004CA762 /* Project object */;
}
